// !$*UTF8*$!
{
	archiveVersion = 1;
	classes = {
	};
	objectVersion = 55;
	objects = {

/* Begin PBXBuildFile section */
		5991BD0728F57C97009BBD6F /* ListViewController.swift in Sources */ = {isa = PBXBuildFile; fileRef = 5991BD0628F57C97009BBD6F /* ListViewController.swift */; };
		59C5BAD128CF33A200F42221 /* OnboardingSlide.swift in Sources */ = {isa = PBXBuildFile; fileRef = 59C5BAD028CF33A200F42221 /* OnboardingSlide.swift */; };
		59C5BAD428CF366100F42221 /* OnboardingCollectionViewCell.swift in Sources */ = {isa = PBXBuildFile; fileRef = 59C5BAD328CF366100F42221 /* OnboardingCollectionViewCell.swift */; };
		59E5097328C611F50079D047 /* AppDelegate.swift in Sources */ = {isa = PBXBuildFile; fileRef = 59E5097228C611F50079D047 /* AppDelegate.swift */; };
		59E5097528C611F50079D047 /* SceneDelegate.swift in Sources */ = {isa = PBXBuildFile; fileRef = 59E5097428C611F50079D047 /* SceneDelegate.swift */; };
		59E5097728C611F50079D047 /* OnboardingViewController.swift in Sources */ = {isa = PBXBuildFile; fileRef = 59E5097628C611F50079D047 /* OnboardingViewController.swift */; };
		59E5097D28C611F50079D047 /* MyReadingJournal.xcdatamodeld in Sources */ = {isa = PBXBuildFile; fileRef = 59E5097B28C611F50079D047 /* MyReadingJournal.xcdatamodeld */; };
		59E5097F28C611F80079D047 /* Assets.xcassets in Resources */ = {isa = PBXBuildFile; fileRef = 59E5097E28C611F80079D047 /* Assets.xcassets */; };
		59E5098228C611F80079D047 /* LaunchScreen.storyboard in Resources */ = {isa = PBXBuildFile; fileRef = 59E5098028C611F80079D047 /* LaunchScreen.storyboard */; };
		59E5098A28C616FA0079D047 /* Main.storyboard in Resources */ = {isa = PBXBuildFile; fileRef = 59E5098928C616FA0079D047 /* Main.storyboard */; };
		59E5098C28C61E680079D047 /* UIView + Extensions.swift in Sources */ = {isa = PBXBuildFile; fileRef = 59E5098B28C61E680079D047 /* UIView + Extensions.swift */; };
/* End PBXBuildFile section */

/* Begin PBXFileReference section */
		5991BD0628F57C97009BBD6F /* ListViewController.swift */ = {isa = PBXFileReference; lastKnownFileType = sourcecode.swift; path = ListViewController.swift; sourceTree = "<group>"; };
		59C5BAD028CF33A200F42221 /* OnboardingSlide.swift */ = {isa = PBXFileReference; lastKnownFileType = sourcecode.swift; path = OnboardingSlide.swift; sourceTree = "<group>"; };
		59C5BAD328CF366100F42221 /* OnboardingCollectionViewCell.swift */ = {isa = PBXFileReference; lastKnownFileType = sourcecode.swift; path = OnboardingCollectionViewCell.swift; sourceTree = "<group>"; };
		59E5096F28C611F50079D047 /* MyReadingJournal.app */ = {isa = PBXFileReference; explicitFileType = wrapper.application; includeInIndex = 0; path = MyReadingJournal.app; sourceTree = BUILT_PRODUCTS_DIR; };
		59E5097228C611F50079D047 /* AppDelegate.swift */ = {isa = PBXFileReference; lastKnownFileType = sourcecode.swift; path = AppDelegate.swift; sourceTree = "<group>"; };
		59E5097428C611F50079D047 /* SceneDelegate.swift */ = {isa = PBXFileReference; lastKnownFileType = sourcecode.swift; path = SceneDelegate.swift; sourceTree = "<group>"; };
		59E5097628C611F50079D047 /* OnboardingViewController.swift */ = {isa = PBXFileReference; lastKnownFileType = sourcecode.swift; path = OnboardingViewController.swift; sourceTree = "<group>"; };
		59E5097C28C611F50079D047 /* MyReadingJournal.xcdatamodel */ = {isa = PBXFileReference; lastKnownFileType = wrapper.xcdatamodel; path = MyReadingJournal.xcdatamodel; sourceTree = "<group>"; };
		59E5097E28C611F80079D047 /* Assets.xcassets */ = {isa = PBXFileReference; lastKnownFileType = folder.assetcatalog; path = Assets.xcassets; sourceTree = "<group>"; };
		59E5098128C611F80079D047 /* Base */ = {isa = PBXFileReference; lastKnownFileType = file.storyboard; name = Base; path = Base.lproj/LaunchScreen.storyboard; sourceTree = "<group>"; };
		59E5098328C611F80079D047 /* Info.plist */ = {isa = PBXFileReference; lastKnownFileType = text.plist.xml; path = Info.plist; sourceTree = "<group>"; };
		59E5098928C616FA0079D047 /* Main.storyboard */ = {isa = PBXFileReference; lastKnownFileType = file.storyboard; path = Main.storyboard; sourceTree = "<group>"; };
		59E5098B28C61E680079D047 /* UIView + Extensions.swift */ = {isa = PBXFileReference; lastKnownFileType = sourcecode.swift; path = "UIView + Extensions.swift"; sourceTree = "<group>"; };
/* End PBXFileReference section */

/* Begin PBXFrameworksBuildPhase section */
		59E5096C28C611F50079D047 /* Frameworks */ = {
			isa = PBXFrameworksBuildPhase;
			buildActionMask = 2147483647;
			files = (
			);
			runOnlyForDeploymentPostprocessing = 0;
		};
/* End PBXFrameworksBuildPhase section */

/* Begin PBXGroup section */
		5991BD0228D4AC5B009BBD6F /* OnboardingModule */ = {
			isa = PBXGroup;
			children = (
				59C5BAD228CF33A700F42221 /* Model */,
				59C5BAD528CF366800F42221 /* View */,
			);
			path = OnboardingModule;
			sourceTree = "<group>";
		};
		5991BD0428D4ADD7009BBD6F /* ListModule */ = {
			isa = PBXGroup;
			children = (
				5991BD0528F57C6B009BBD6F /* View */,
			);
			path = ListModule;
			sourceTree = "<group>";
		};
		5991BD0528F57C6B009BBD6F /* View */ = {
			isa = PBXGroup;
			children = (
				5991BD0628F57C97009BBD6F /* ListViewController.swift */,
			);
			path = View;
			sourceTree = "<group>";
		};
		59C5BAD228CF33A700F42221 /* Model */ = {
			isa = PBXGroup;
			children = (
				59C5BAD028CF33A200F42221 /* OnboardingSlide.swift */,
			);
			path = Model;
			sourceTree = "<group>";
		};
		59C5BAD528CF366800F42221 /* View */ = {
			isa = PBXGroup;
			children = (
				59C5BAD328CF366100F42221 /* OnboardingCollectionViewCell.swift */,
				59E5097628C611F50079D047 /* OnboardingViewController.swift */,
			);
			path = View;
			sourceTree = "<group>";
		};
		59E5096628C611F50079D047 = {
			isa = PBXGroup;
			children = (
				59E5097128C611F50079D047 /* MyReadingJournal */,
				59E5097028C611F50079D047 /* Products */,
			);
			sourceTree = "<group>";
		};
		59E5097028C611F50079D047 /* Products */ = {
			isa = PBXGroup;
			children = (
				59E5096F28C611F50079D047 /* MyReadingJournal.app */,
			);
			name = Products;
			sourceTree = "<group>";
		};
		59E5097128C611F50079D047 /* MyReadingJournal */ = {
			isa = PBXGroup;
			children = (
				59E5097228C611F50079D047 /* AppDelegate.swift */,
				59E5097428C611F50079D047 /* SceneDelegate.swift */,
				59E5098D28C61E6B0079D047 /* Extensions */,
				5991BD0228D4AC5B009BBD6F /* OnboardingModule */,
				5991BD0428D4ADD7009BBD6F /* ListModule */,
				59E5098928C616FA0079D047 /* Main.storyboard */,
				59E5097E28C611F80079D047 /* Assets.xcassets */,
				59E5098028C611F80079D047 /* LaunchScreen.storyboard */,
				59E5098328C611F80079D047 /* Info.plist */,
				59E5097B28C611F50079D047 /* MyReadingJournal.xcdatamodeld */,
			);
			path = MyReadingJournal;
			sourceTree = "<group>";
		};
		59E5098D28C61E6B0079D047 /* Extensions */ = {
			isa = PBXGroup;
			children = (
				59E5098B28C61E680079D047 /* UIView + Extensions.swift */,
			);
			path = Extensions;
			sourceTree = "<group>";
		};
/* End PBXGroup section */

/* Begin PBXNativeTarget section */
		59E5096E28C611F50079D047 /* MyReadingJournal */ = {
			isa = PBXNativeTarget;
			buildConfigurationList = 59E5098628C611F80079D047 /* Build configuration list for PBXNativeTarget "MyReadingJournal" */;
			buildPhases = (
				59E5096B28C611F50079D047 /* Sources */,
				59E5096C28C611F50079D047 /* Frameworks */,
				59E5096D28C611F50079D047 /* Resources */,
			);
			buildRules = (
			);
			dependencies = (
			);
			name = MyReadingJournal;
			productName = MyReadingJournal;
			productReference = 59E5096F28C611F50079D047 /* MyReadingJournal.app */;
			productType = "com.apple.product-type.application";
		};
/* End PBXNativeTarget section */

/* Begin PBXProject section */
		59E5096728C611F50079D047 /* Project object */ = {
			isa = PBXProject;
			attributes = {
				BuildIndependentTargetsInParallel = 1;
				LastSwiftUpdateCheck = 1340;
				LastUpgradeCheck = 1340;
				TargetAttributes = {
					59E5096E28C611F50079D047 = {
						CreatedOnToolsVersion = 13.4.1;
					};
				};
			};
			buildConfigurationList = 59E5096A28C611F50079D047 /* Build configuration list for PBXProject "MyReadingJournal" */;
			compatibilityVersion = "Xcode 13.0";
			developmentRegion = en;
			hasScannedForEncodings = 0;
			knownRegions = (
				en,
				Base,
			);
			mainGroup = 59E5096628C611F50079D047;
			productRefGroup = 59E5097028C611F50079D047 /* Products */;
			projectDirPath = "";
			projectRoot = "";
			targets = (
				59E5096E28C611F50079D047 /* MyReadingJournal */,
			);
		};
/* End PBXProject section */

/* Begin PBXResourcesBuildPhase section */
		59E5096D28C611F50079D047 /* Resources */ = {
			isa = PBXResourcesBuildPhase;
			buildActionMask = 2147483647;
			files = (
				59E5098A28C616FA0079D047 /* Main.storyboard in Resources */,
				59E5098228C611F80079D047 /* LaunchScreen.storyboard in Resources */,
				59E5097F28C611F80079D047 /* Assets.xcassets in Resources */,
			);
			runOnlyForDeploymentPostprocessing = 0;
		};
/* End PBXResourcesBuildPhase section */

/* Begin PBXSourcesBuildPhase section */
		59E5096B28C611F50079D047 /* Sources */ = {
			isa = PBXSourcesBuildPhase;
			buildActionMask = 2147483647;
			files = (
				59E5098C28C61E680079D047 /* UIView + Extensions.swift in Sources */,
				59E5097D28C611F50079D047 /* MyReadingJournal.xcdatamodeld in Sources */,
				59E5097728C611F50079D047 /* OnboardingViewController.swift in Sources */,
				59E5097328C611F50079D047 /* AppDelegate.swift in Sources */,
				59C5BAD128CF33A200F42221 /* OnboardingSlide.swift in Sources */,
				59C5BAD428CF366100F42221 /* OnboardingCollectionViewCell.swift in Sources */,
				5991BD0728F57C97009BBD6F /* ListViewController.swift in Sources */,
				59E5097528C611F50079D047 /* SceneDelegate.swift in Sources */,
			);
			runOnlyForDeploymentPostprocessing = 0;
		};
/* End PBXSourcesBuildPhase section */

/* Begin PBXVariantGroup section */
		59E5098028C611F80079D047 /* LaunchScreen.storyboard */ = {
			isa = PBXVariantGroup;
			children = (
				59E5098128C611F80079D047 /* Base */,
			);
			name = LaunchScreen.storyboard;
			sourceTree = "<group>";
		};
/* End PBXVariantGroup section */

/* Begin XCBuildConfiguration section */
		59E5098428C611F80079D047 /* Debug */ = {
			isa = XCBuildConfiguration;
			buildSettings = {
				ALWAYS_SEARCH_USER_PATHS = NO;
				CLANG_ANALYZER_NONNULL = YES;
				CLANG_ANALYZER_NUMBER_OBJECT_CONVERSION = YES_AGGRESSIVE;
				CLANG_CXX_LANGUAGE_STANDARD = "gnu++17";
				CLANG_ENABLE_MODULES = YES;
				CLANG_ENABLE_OBJC_ARC = YES;
				CLANG_ENABLE_OBJC_WEAK = YES;
				CLANG_WARN_BLOCK_CAPTURE_AUTORELEASING = YES;
				CLANG_WARN_BOOL_CONVERSION = YES;
				CLANG_WARN_COMMA = YES;
				CLANG_WARN_CONSTANT_CONVERSION = YES;
				CLANG_WARN_DEPRECATED_OBJC_IMPLEMENTATIONS = YES;
				CLANG_WARN_DIRECT_OBJC_ISA_USAGE = YES_ERROR;
				CLANG_WARN_DOCUMENTATION_COMMENTS = YES;
				CLANG_WARN_EMPTY_BODY = YES;
				CLANG_WARN_ENUM_CONVERSION = YES;
				CLANG_WARN_INFINITE_RECURSION = YES;
				CLANG_WARN_INT_CONVERSION = YES;
				CLANG_WARN_NON_LITERAL_NULL_CONVERSION = YES;
				CLANG_WARN_OBJC_IMPLICIT_RETAIN_SELF = YES;
				CLANG_WARN_OBJC_LITERAL_CONVERSION = YES;
				CLANG_WARN_OBJC_ROOT_CLASS = YES_ERROR;
				CLANG_WARN_QUOTED_INCLUDE_IN_FRAMEWORK_HEADER = YES;
				CLANG_WARN_RANGE_LOOP_ANALYSIS = YES;
				CLANG_WARN_STRICT_PROTOTYPES = YES;
				CLANG_WARN_SUSPICIOUS_MOVE = YES;
				CLANG_WARN_UNGUARDED_AVAILABILITY = YES_AGGRESSIVE;
				CLANG_WARN_UNREACHABLE_CODE = YES;
				CLANG_WARN__DUPLICATE_METHOD_MATCH = YES;
				COPY_PHASE_STRIP = NO;
				DEBUG_INFORMATION_FORMAT = dwarf;
				ENABLE_STRICT_OBJC_MSGSEND = YES;
				ENABLE_TESTABILITY = YES;
				GCC_C_LANGUAGE_STANDARD = gnu11;
				GCC_DYNAMIC_NO_PIC = NO;
				GCC_NO_COMMON_BLOCKS = YES;
				GCC_OPTIMIZATION_LEVEL = 0;
				GCC_PREPROCESSOR_DEFINITIONS = (
					"DEBUG=1",
					"$(inherited)",
				);
				GCC_WARN_64_TO_32_BIT_CONVERSION = YES;
				GCC_WARN_ABOUT_RETURN_TYPE = YES_ERROR;
				GCC_WARN_UNDECLARED_SELECTOR = YES;
				GCC_WARN_UNINITIALIZED_AUTOS = YES_AGGRESSIVE;
				GCC_WARN_UNUSED_FUNCTION = YES;
				GCC_WARN_UNUSED_VARIABLE = YES;
				IPHONEOS_DEPLOYMENT_TARGET = 15.5;
				MTL_ENABLE_DEBUG_INFO = INCLUDE_SOURCE;
				MTL_FAST_MATH = YES;
				ONLY_ACTIVE_ARCH = YES;
				SDKROOT = iphoneos;
				SWIFT_ACTIVE_COMPILATION_CONDITIONS = DEBUG;
				SWIFT_OPTIMIZATION_LEVEL = "-Onone";
			};
			name = Debug;
		};
		59E5098528C611F80079D047 /* Release */ = {
			isa = XCBuildConfiguration;
			buildSettings = {
				ALWAYS_SEARCH_USER_PATHS = NO;
				CLANG_ANALYZER_NONNULL = YES;
				CLANG_ANALYZER_NUMBER_OBJECT_CONVERSION = YES_AGGRESSIVE;
				CLANG_CXX_LANGUAGE_STANDARD = "gnu++17";
				CLANG_ENABLE_MODULES = YES;
				CLANG_ENABLE_OBJC_ARC = YES;
				CLANG_ENABLE_OBJC_WEAK = YES;
				CLANG_WARN_BLOCK_CAPTURE_AUTORELEASING = YES;
				CLANG_WARN_BOOL_CONVERSION = YES;
				CLANG_WARN_COMMA = YES;
				CLANG_WARN_CONSTANT_CONVERSION = YES;
				CLANG_WARN_DEPRECATED_OBJC_IMPLEMENTATIONS = YES;
				CLANG_WARN_DIRECT_OBJC_ISA_USAGE = YES_ERROR;
				CLANG_WARN_DOCUMENTATION_COMMENTS = YES;
				CLANG_WARN_EMPTY_BODY = YES;
				CLANG_WARN_ENUM_CONVERSION = YES;
				CLANG_WARN_INFINITE_RECURSION = YES;
				CLANG_WARN_INT_CONVERSION = YES;
				CLANG_WARN_NON_LITERAL_NULL_CONVERSION = YES;
				CLANG_WARN_OBJC_IMPLICIT_RETAIN_SELF = YES;
				CLANG_WARN_OBJC_LITERAL_CONVERSION = YES;
				CLANG_WARN_OBJC_ROOT_CLASS = YES_ERROR;
				CLANG_WARN_QUOTED_INCLUDE_IN_FRAMEWORK_HEADER = YES;
				CLANG_WARN_RANGE_LOOP_ANALYSIS = YES;
				CLANG_WARN_STRICT_PROTOTYPES = YES;
				CLANG_WARN_SUSPICIOUS_MOVE = YES;
				CLANG_WARN_UNGUARDED_AVAILABILITY = YES_AGGRESSIVE;
				CLANG_WARN_UNREACHABLE_CODE = YES;
				CLANG_WARN__DUPLICATE_METHOD_MATCH = YES;
				COPY_PHASE_STRIP = NO;
				DEBUG_INFORMATION_FORMAT = "dwarf-with-dsym";
				ENABLE_NS_ASSERTIONS = NO;
				ENABLE_STRICT_OBJC_MSGSEND = YES;
				GCC_C_LANGUAGE_STANDARD = gnu11;
				GCC_NO_COMMON_BLOCKS = YES;
				GCC_WARN_64_TO_32_BIT_CONVERSION = YES;
				GCC_WARN_ABOUT_RETURN_TYPE = YES_ERROR;
				GCC_WARN_UNDECLARED_SELECTOR = YES;
				GCC_WARN_UNINITIALIZED_AUTOS = YES_AGGRESSIVE;
				GCC_WARN_UNUSED_FUNCTION = YES;
				GCC_WARN_UNUSED_VARIABLE = YES;
				IPHONEOS_DEPLOYMENT_TARGET = 15.5;
				MTL_ENABLE_DEBUG_INFO = NO;
				MTL_FAST_MATH = YES;
				SDKROOT = iphoneos;
				SWIFT_COMPILATION_MODE = wholemodule;
				SWIFT_OPTIMIZATION_LEVEL = "-O";
				VALIDATE_PRODUCT = YES;
			};
			name = Release;
		};
		59E5098728C611F80079D047 /* Debug */ = {
			isa = XCBuildConfiguration;
			buildSettings = {
				ASSETCATALOG_COMPILER_APPICON_NAME = AppIcon;
				ASSETCATALOG_COMPILER_GLOBAL_ACCENT_COLOR_NAME = AccentColor;
				CODE_SIGN_STYLE = Automatic;
				CURRENT_PROJECT_VERSION = 1;
				DEVELOPMENT_TEAM = 6924K5V5X2;
				GENERATE_INFOPLIST_FILE = YES;
				INFOPLIST_FILE = MyReadingJournal/Info.plist;
				INFOPLIST_KEY_NSMainNibFile = Main;
				INFOPLIST_KEY_UIApplicationSupportsIndirectInputEvents = YES;
				INFOPLIST_KEY_UILaunchStoryboardName = LaunchScreen;
				INFOPLIST_KEY_UISupportedInterfaceOrientations = "UIInterfaceOrientationPortrait UIInterfaceOrientationPortraitUpsideDown";
				INFOPLIST_KEY_UISupportedInterfaceOrientations_iPhone = UIInterfaceOrientationPortrait;
				IPHONEOS_DEPLOYMENT_TARGET = 13.0;
				LD_RUNPATH_SEARCH_PATHS = (
					"$(inherited)",
					"@executable_path/Frameworks",
				);
				MARKETING_VERSION = 1.0;
				PRODUCT_BUNDLE_IDENTIFIER = OlesyaEgorova.MyReadingJournal;
				PRODUCT_NAME = "$(TARGET_NAME)";
				SWIFT_EMIT_LOC_STRINGS = YES;
				SWIFT_VERSION = 5.0;
				TARGETED_DEVICE_FAMILY = 1;
			};
			name = Debug;
		};
		59E5098828C611F80079D047 /* Release */ = {
			isa = XCBuildConfiguration;
			buildSettings = {
				ASSETCATALOG_COMPILER_APPICON_NAME = AppIcon;
				ASSETCATALOG_COMPILER_GLOBAL_ACCENT_COLOR_NAME = AccentColor;
				CODE_SIGN_STYLE = Automatic;
				CURRENT_PROJECT_VERSION = 1;
				DEVELOPMENT_TEAM = 6924K5V5X2;
				GENERATE_INFOPLIST_FILE = YES;
				INFOPLIST_FILE = MyReadingJournal/Info.plist;
				INFOPLIST_KEY_NSMainNibFile = Main;
				INFOPLIST_KEY_UIApplicationSupportsIndirectInputEvents = YES;
				INFOPLIST_KEY_UILaunchStoryboardName = LaunchScreen;
				INFOPLIST_KEY_UISupportedInterfaceOrientations = "UIInterfaceOrientationPortrait UIInterfaceOrientationPortraitUpsideDown";
				INFOPLIST_KEY_UISupportedInterfaceOrientations_iPhone = UIInterfaceOrientationPortrait;
				IPHONEOS_DEPLOYMENT_TARGET = 13.0;
				LD_RUNPATH_SEARCH_PATHS = (
					"$(inherited)",
					"@executable_path/Frameworks",
				);
				MARKETING_VERSION = 1.0;
				PRODUCT_BUNDLE_IDENTIFIER = OlesyaEgorova.MyReadingJournal;
				PRODUCT_NAME = "$(TARGET_NAME)";
				SWIFT_EMIT_LOC_STRINGS = YES;
				SWIFT_VERSION = 5.0;
				TARGETED_DEVICE_FAMILY = 1;
			};
			name = Release;
		};
/* End XCBuildConfiguration section */

/* Begin XCConfigurationList section */
		59E5096A28C611F50079D047 /* Build configuration list for PBXProject "MyReadingJournal" */ = {
			isa = XCConfigurationList;
			buildConfigurations = (
				59E5098428C611F80079D047 /* Debug */,
				59E5098528C611F80079D047 /* Release */,
			);
			defaultConfigurationIsVisible = 0;
			defaultConfigurationName = Release;
		};
		59E5098628C611F80079D047 /* Build configuration list for PBXNativeTarget "MyReadingJournal" */ = {
			isa = XCConfigurationList;
			buildConfigurations = (
				59E5098728C611F80079D047 /* Debug */,
				59E5098828C611F80079D047 /* Release */,
			);
			defaultConfigurationIsVisible = 0;
			defaultConfigurationName = Release;
		};
/* End XCConfigurationList section */

/* Begin XCVersionGroup section */
		59E5097B28C611F50079D047 /* MyReadingJournal.xcdatamodeld */ = {
			isa = XCVersionGroup;
			children = (
				59E5097C28C611F50079D047 /* MyReadingJournal.xcdatamodel */,
			);
			currentVersion = 59E5097C28C611F50079D047 /* MyReadingJournal.xcdatamodel */;
			path = MyReadingJournal.xcdatamodeld;
			sourceTree = "<group>";
			versionGroupType = wrapper.xcdatamodel;
		};
/* End XCVersionGroup section */
	};
	rootObject = 59E5096728C611F50079D047 /* Project object */;
}
